{
  "version": 4,
  "terraform_version": "1.14.8",
  "serial": 7,
  "lineage": "9fce9376-9573-5d7a-4625-4b26f133c00c",
  "outputs": {},
  "resources": [
    {
      "mode": "managed",
      "type": "helm_release",
      "name": "sealed_secrets",
      "provider": "provider[\"registry.terraform.io/hashicorp/helm\"]",
      "instances": [
        {
          "schema_version": 1,
          "attributes": {
            "atomic": false,
            "chart": "sealed-secrets",
            "cleanup_on_fail": false,
            "create_namespace": false,
            "dependency_update": false,
            "description": null,
            "devel": null,
            "disable_crd_hooks": false,
            "disable_openapi_validation": false,
            "disable_webhooks": false,
            "force_update": false,
            "id": "sealed-secrets",
            "keyring": null,
            "lint": false,
            "manifest": null,
            "max_history": 0,
            "metadata": [
              {
                "app_version": "v0.24.4",
                "chart": "sealed-secrets",
                "first_deployed": 1776186892,
                "last_deployed": 1776186892,
                "name": "sealed-secrets",
                "namespace": "sealed-secrets",
                "notes": "** Please be patient while the chart is being deployed **\n\nYou should now be able to create sealed secrets.\n\n1. Install the client-side tool (kubeseal) as explained in the docs below:\n\n    https://github.com/bitnami-labs/sealed-secrets#installation-from-source\n\n2. Create a sealed secret file running the command below:\n\n    kubectl create secret generic secret-name --dry-run=client --from-literal=foo=bar -o [json|yaml] | \\\n    kubeseal \\\n      --controller-name=sealed-secrets-controller \\\n      --controller-namespace=sealed-secrets \\\n      --format yaml \u003e mysealedsecret.[json|yaml]\n\nThe file mysealedsecret.[json|yaml] is a commitable file.\n\nIf you would rather not need access to the cluster to generate the sealed secret you can run:\n\n    kubeseal \\\n      --controller-name=sealed-secrets-controller \\\n      --controller-namespace=sealed-secrets \\\n      --fetch-cert \u003e mycert.pem\n\nto retrieve the public cert used for encryption and store it locally. You can then run 'kubeseal --cert mycert.pem' instead to use the local cert e.g.\n\n    kubectl create secret generic secret-name --dry-run=client --from-literal=foo=bar -o [json|yaml] | \\\n    kubeseal \\\n      --controller-name=sealed-secrets-controller \\\n      --controller-namespace=sealed-secrets \\\n      --format [json|yaml] --cert mycert.pem \u003e mysealedsecret.[json|yaml]\n\n3. Apply the sealed secret\n\n    kubectl create -f mysealedsecret.[json|yaml]\n\nRunning 'kubectl get secret secret-name -o [json|yaml]' will show the decrypted secret that was generated from the sealed secret.\n\nBoth the SealedSecret and generated Secret must have the same name and namespace.\n",
                "revision": 1,
                "values": "{\"fullnameOverride\":\"sealed-secrets-controller\"}",
                "version": "2.13.3"
              }
            ],
            "name": "sealed-secrets",
            "namespace": "sealed-secrets",
            "pass_credentials": false,
            "postrender": [],
            "recreate_pods": false,
            "render_subchart_notes": true,
            "replace": false,
            "repository": "https://bitnami-labs.github.io/sealed-secrets",
            "repository_ca_file": null,
            "repository_cert_file": null,
            "repository_key_file": null,
            "repository_password": null,
            "repository_username": null,
            "reset_values": false,
            "reuse_values": false,
            "set": [
              {
                "name": "fullnameOverride",
                "type": "",
                "value": "sealed-secrets-controller"
              }
            ],
            "set_list": [],
            "set_sensitive": [],
            "skip_crds": false,
            "status": "deployed",
            "timeout": 300,
            "upgrade_install": null,
            "values": null,
            "verify": false,
            "version": "2.13.3",
            "wait": true,
            "wait_for_jobs": false
          },
          "sensitive_attributes": [
            [
              {
                "type": "get_attr",
                "value": "repository_password"
              }
            ]
          ],
          "identity_schema_version": 0,
          "private": "eyJzY2hlbWFfdmVyc2lvbiI6IjEifQ==",
          "dependencies": [
            "kubernetes_namespace.sealed_secrets"
          ]
        }
      ]
    },
    {
      "mode": "managed",
      "type": "kubernetes_namespace",
      "name": "flux_system",
      "provider": "provider[\"registry.terraform.io/hashicorp/kubernetes\"]",
      "instances": [
        {
          "schema_version": 0,
          "attributes": {
            "id": "flux-system",
            "metadata": [
              {
                "annotations": {},
                "generate_name": "",
                "generation": 0,
                "labels": {
                  "app.kubernetes.io/instance": "flux-system",
                  "app.kubernetes.io/part-of": "flux",
                  "app.kubernetes.io/version": "v2.8.5"
                },
                "name": "flux-system",
                "resource_version": "23168",
                "uid": "0f1e8102-d2e3-4279-96e9-efb6802b395f"
              }
            ],
            "timeouts": null,
            "wait_for_default_service_account": null
          },
          "sensitive_attributes": [],
          "identity_schema_version": 1,
          "identity": {
            "api_version": "v1",
            "kind": "Namespace",
            "name": "flux-system"
          },
          "private": "eyJlMmJmYjczMC1lY2FhLTExZTYtOGY4OC0zNDM2M2JjN2M0YzAiOnsiZGVsZXRlIjozMDAwMDAwMDAwMDB9LCJzY2hlbWFfdmVyc2lvbiI6IjAifQ=="
        }
      ]
    },
    {
      "mode": "managed",
      "type": "kubernetes_namespace",
      "name": "monitoring",
      "provider": "provider[\"registry.terraform.io/hashicorp/kubernetes\"]",
      "instances": [
        {
          "schema_version": 0,
          "attributes": {
            "id": "monitoring",
            "metadata": [
              {
                "annotations": {},
                "generate_name": "",
                "generation": 0,
                "labels": {
                  "kustomize.toolkit.fluxcd.io/name": "flux-system",
                  "kustomize.toolkit.fluxcd.io/namespace": "flux-system"
                },
                "name": "monitoring",
                "resource_version": "23585",
                "uid": "a34be3b4-d6e1-49de-95bb-a45a66ecf7ed"
              }
            ],
            "timeouts": null,
            "wait_for_default_service_account": null
          },
          "sensitive_attributes": [],
          "identity_schema_version": 1,
          "identity": {
            "api_version": "v1",
            "kind": "Namespace",
            "name": "monitoring"
          },
          "private": "eyJlMmJmYjczMC1lY2FhLTExZTYtOGY4OC0zNDM2M2JjN2M0YzAiOnsiZGVsZXRlIjozMDAwMDAwMDAwMDB9LCJzY2hlbWFfdmVyc2lvbiI6IjAifQ=="
        }
      ]
    },
    {
      "mode": "managed",
      "type": "kubernetes_namespace",
      "name": "sealed_secrets",
      "provider": "provider[\"registry.terraform.io/hashicorp/kubernetes\"]",
      "instances": [
        {
          "schema_version": 0,
          "attributes": {
            "id": "sealed-secrets",
            "metadata": [
              {
                "annotations": null,
                "generate_name": "",
                "generation": 0,
                "labels": null,
                "name": "sealed-secrets",
                "resource_version": "37823",
                "uid": "9385cdad-ef26-43b9-85a4-40321566f7c7"
              }
            ],
            "timeouts": null,
            "wait_for_default_service_account": false
          },
          "sensitive_attributes": [],
          "identity_schema_version": 1,
          "identity": {
            "api_version": "v1",
            "kind": "Namespace",
            "name": "sealed-secrets"
          },
          "private": "eyJlMmJmYjczMC1lY2FhLTExZTYtOGY4OC0zNDM2M2JjN2M0YzAiOnsiZGVsZXRlIjozMDAwMDAwMDAwMDB9fQ=="
        }
      ]
    }
  ],
  "check_results": null
}
